
Microsoft Visual Studio Solution File, Format Version 12.00
# Visual Studio 15
VisualStudioVersion = 15.0.28307.852
MinimumVisualStudioVersion = 10.0.40219.1
Project("{FAE04EC0-301F-11D3-BF4B-00C04F79EFBC}") = "lmv", "lmv\lmv.csproj", "{C880C125-4CC0-412C-BFED-218361228B9E}"
EndProject
Global
	GlobalSection(SolutionConfigurationPlatforms) = preSolution
		Debug|Any CPU = Debug|Any CPU
		Release|Any CPU = Release|Any CPU
	EndGlobalSection
	GlobalSection(ProjectConfigurationPlatforms) = postSolution
		{C880C125-4CC0-412C-BFED-218361228B9E}.Debug|Any CPU.ActiveCfg = Debug|Any CPU
		{C880C125-4CC0-412C-BFED-218361228B9E}.Debug|Any CPU.Build.0 = Debug|Any CPU
		{C880C125-4CC0-412C-BFED-218361228B9E}.Release|Any CPU.ActiveCfg = Release|Any CPU
		{C880C125-4CC0-412C-BFED-218361228B9E}.Release|Any CPU.Build.0 = Release|Any CPU
	EndGlobalSection
	GlobalSection(SolutionProperties) = preSolution
		HideSolutionNode = FALSE
	EndGlobalSection
	GlobalSection(ExtensibilityGlobals) = postSolution
		SolutionGuid = {52B64FCA-1588-455D-B99B-9939F663D653}
	EndGlobalSection
EndGlobal
